PODS:
  - dd_check_plugin (0.0.1):
    - FlutterMacOS
  - dd_models (0.0.1):
    - FlutterMacOS
  - FlutterMacOS (1.0.0)
  - FMDB (2.7.5):
    - FMDB/standard (= 2.7.5)
  - FMDB/standard (2.7.5)
  - network_info_plus (0.0.1):
    - FlutterMacOS
  - package_info (0.0.1):
    - FlutterMacOS
  - path_provider_foundation (0.0.1):
    - Flutter
    - FlutterMacOS
  - sqflite (0.0.2):
    - FlutterMacOS
    - FMDB (>= 2.7.5)
  - url_launcher_macos (0.0.1):
    - FlutterMacOS

DEPENDENCIES:
  - dd_check_plugin (from `Flutter/ephemeral/.symlinks/plugins/dd_check_plugin/macos`)
  - dd_models (from `Flutter/ephemeral/.symlinks/plugins/dd_models/macos`)
  - FlutterMacOS (from `Flutter/ephemeral`)
  - network_info_plus (from `Flutter/ephemeral/.symlinks/plugins/network_info_plus/macos`)
  - package_info (from `Flutter/ephemeral/.symlinks/plugins/package_info/macos`)
  - path_provider_foundation (from `Flutter/ephemeral/.symlinks/plugins/path_provider_foundation/macos`)
  - sqflite (from `Flutter/ephemeral/.symlinks/plugins/sqflite/macos`)
  - url_launcher_macos (from `Flutter/ephemeral/.symlinks/plugins/url_launcher_macos/macos`)

SPEC REPOS:
  trunk:
    - FMDB

EXTERNAL SOURCES:
  dd_check_plugin:
    :path: Flutter/ephemeral/.symlinks/plugins/dd_check_plugin/macos
  dd_models:
    :path: Flutter/ephemeral/.symlinks/plugins/dd_models/macos
  FlutterMacOS:
    :path: Flutter/ephemeral
  network_info_plus:
    :path: Flutter/ephemeral/.symlinks/plugins/network_info_plus/macos
  package_info:
    :path: Flutter/ephemeral/.symlinks/plugins/package_info/macos
  path_provider_foundation:
    :path: Flutter/ephemeral/.symlinks/plugins/path_provider_foundation/macos
  sqflite:
    :path: Flutter/ephemeral/.symlinks/plugins/sqflite/macos
  url_launcher_macos:
    :path: Flutter/ephemeral/.symlinks/plugins/url_launcher_macos/macos

SPEC CHECKSUMS:
  dd_check_plugin: 94a3ed8a1ae99fb3d5eb70f6400ebd4e46658856
  dd_models: feb4983a9d00577d535665e2a6f843afc7d68314
  FlutterMacOS: 8f6f14fa908a6fb3fba0cd85dbd81ec4b251fb24
  FMDB: 2ce00b547f966261cd18927a3ddb07cb6f3db82a
  network_info_plus: f4fbc7877ab7b3294500d9441dfa53cd54972d05
  package_info: 6eba2fd8d3371dda2d85c8db6fe97488f24b74b2
  path_provider_foundation: 37748e03f12783f9de2cb2c4eadfaa25fe6d4852
  sqflite: a5789cceda41d54d23f31d6de539d65bb14100ea
  url_launcher_macos: c04e4fa86382d4f94f6b38f14625708be3ae52e2

PODFILE CHECKSUM: a8d31401552a46488bf29e201c2dce967cb315db

COCOAPODS: 1.12.0
